<?xml version="1.0" encoding="utf-8"?>
<Project ToolsVersion="4.0" xmlns="http://schemas.microsoft.com/developer/msbuild/2003">
  <ItemGroup>
    <Filter Include="Source Files">
      <UniqueIdentifier>{4FC737F1-C7A5-4376-A066-2A32D752A2FF}</UniqueIdentifier>
      <Extensions>cpp;c;cc;cxx;c++;cppm;ixx;def;odl;idl;hpj;bat;asm;asmx</Extensions>
    </Filter>
    <Filter Include="Header Files">
      <UniqueIdentifier>{93995380-89BD-4b04-88EB-625FBE52EBFB}</UniqueIdentifier>
      <Extensions>h;hh;hpp;hxx;h++;hm;inl;inc;ipp;xsd</Extensions>
    </Filter>
    <Filter Include="Resource Files">
      <UniqueIdentifier>{67DA6AB6-F800-4c08-8B7A-83BB121AAD01}</UniqueIdentifier>
      <Extensions>rc;ico;cur;bmp;dlg;rc2;rct;bin;rgs;gif;jpg;jpeg;jpe;resx;tiff;tif;png;wav;mfcribbon-ms</Extensions>
    </Filter>
    <Filter Include="Header Files\util">
      <UniqueIdentifier>{862ce2e5-859a-4cfa-b3d3-e93e10aeecf6}</UniqueIdentifier>
    </Filter>
    <Filter Include="Header Files\position">
      <UniqueIdentifier>{e881b32f-5216-4db9-ac09-0c381e97dff0}</UniqueIdentifier>
    </Filter>
    <Filter Include="Header Files\uci">
      <UniqueIdentifier>{8fe36f31-cbb8-4d0f-beb2-9f8e1c1e84ab}</UniqueIdentifier>
    </Filter>
    <Filter Include="Source Files\uci">
      <UniqueIdentifier>{af17cfd5-52c5-4b93-ad47-ba779c95791a}</UniqueIdentifier>
    </Filter>
    <Filter Include="Source Files\util">
      <UniqueIdentifier>{973bca16-7d23-4757-b9cb-54f3755da5aa}</UniqueIdentifier>
    </Filter>
    <Filter Include="Source Files\position">
      <UniqueIdentifier>{d56e2ca6-9932-4e5e-8a5e-f422b952ccff}</UniqueIdentifier>
    </Filter>
    <Filter Include="Header Files\search">
      <UniqueIdentifier>{302c91cb-11b0-4eee-9ec9-52b787e599d6}</UniqueIdentifier>
    </Filter>
    <Filter Include="Header Files\position\io">
      <UniqueIdentifier>{b475fb4c-2d7d-4d46-8ad6-ffadc99f1cf2}</UniqueIdentifier>
    </Filter>
    <Filter Include="Source Files\position\io">
      <UniqueIdentifier>{48720b66-3e7d-42f7-810c-4cedf640cf48}</UniqueIdentifier>
    </Filter>
    <Filter Include="Header Files\movegen">
      <UniqueIdentifier>{a51b2c5f-e92f-40de-a4cf-3d41c279e8e7}</UniqueIdentifier>
    </Filter>
    <Filter Include="Header Files\movegen\magics">
      <UniqueIdentifier>{676e11ca-7e18-4b67-b5fb-d33815960f95}</UniqueIdentifier>
    </Filter>
    <Filter Include="Source Files\movegen">
      <UniqueIdentifier>{24d996c6-71fa-4a46-9308-99808778e02e}</UniqueIdentifier>
    </Filter>
    <Filter Include="Source Files\movegen\magics">
      <UniqueIdentifier>{3e0b247d-0722-4b09-af09-ce7363b41318}</UniqueIdentifier>
    </Filter>
  </ItemGroup>
  <ItemGroup>
    <ClCompile Include="main.cpp">
      <Filter>Source Files</Filter>
    </ClCompile>
    <ClCompile Include="uci\loki_context.cpp">
      <Filter>Source Files\uci</Filter>
    </ClCompile>
    <ClCompile Include="uci\uci_parser.cpp">
      <Filter>Source Files\uci</Filter>
    </ClCompile>
    <ClCompile Include="util\stringops.cpp">
      <Filter>Source Files\util</Filter>
    </ClCompile>
    <ClCompile Include="position\io\game_state_builder.cpp">
      <Filter>Source Files\position\io</Filter>
    </ClCompile>
    <ClCompile Include="position\game_state.cpp">
      <Filter>Source Files\position</Filter>
    </ClCompile>
    <ClCompile Include="position\io\fen_string_builder.cpp">
      <Filter>Source Files\position\io</Filter>
    </ClCompile>
    <ClCompile Include="movegen\magics\magic_generator.cpp">
      <Filter>Source Files\movegen\magics</Filter>
    </ClCompile>
    <ClCompile Include="position\bitboard.cpp">
      <Filter>Source Files\position</Filter>
    </ClCompile>
    <ClCompile Include="movegen\magics\rook_generator.cpp">
      <Filter>Source Files\movegen\magics</Filter>
    </ClCompile>
    <ClCompile Include="movegen\magics\sliding_generator.cpp">
      <Filter>Source Files\movegen\magics</Filter>
    </ClCompile>
    <ClCompile Include="movegen\magics\bishop_generator.cpp">
      <Filter>Source Files\movegen\magics</Filter>
    </ClCompile>
  </ItemGroup>
  <ItemGroup>
    <ClInclude Include="util\exception.hpp">
      <Filter>Header Files\util</Filter>
    </ClInclude>
    <ClInclude Include="position\game_state.hpp">
      <Filter>Header Files\position</Filter>
    </ClInclude>
    <ClInclude Include="defs.hpp">
      <Filter>Header Files</Filter>
    </ClInclude>
    <ClInclude Include="position\castle_rights.hpp">
      <Filter>Header Files\position</Filter>
    </ClInclude>
    <ClInclude Include="versioninfo.hpp">
      <Filter>Header Files</Filter>
    </ClInclude>
    <ClInclude Include="uci\loki_context.hpp">
      <Filter>Header Files\uci</Filter>
    </ClInclude>
    <ClInclude Include="uci\uci_parser.hpp">
      <Filter>Header Files\uci</Filter>
    </ClInclude>
    <ClInclude Include="util\stringops.hpp">
      <Filter>Header Files\util</Filter>
    </ClInclude>
    <ClInclude Include="uci\context_interface.hpp">
      <Filter>Header Files\uci</Filter>
    </ClInclude>
    <ClInclude Include="search\limits.hpp">
      <Filter>Header Files\search</Filter>
    </ClInclude>
    <ClInclude Include="position\io\base_builder.hpp">
      <Filter>Header Files\position\io</Filter>
    </ClInclude>
    <ClInclude Include="position\io\game_state_builder.hpp">
      <Filter>Header Files\position\io</Filter>
    </ClInclude>
    <ClInclude Include="position\io\fen_string_builder.hpp">
      <Filter>Header Files\position\io</Filter>
    </ClInclude>
    <ClInclude Include="position\square.hpp">
      <Filter>Header Files\position</Filter>
    </ClInclude>
    <ClInclude Include="util\operators.hpp">
      <Filter>Header Files\util</Filter>
    </ClInclude>
    <ClInclude Include="movegen\move.hpp">
      <Filter>Header Files\movegen</Filter>
    </ClInclude>
    <ClInclude Include="movegen\move_list.hpp">
      <Filter>Header Files\movegen</Filter>
    </ClInclude>
    <ClInclude Include="movegen\magics\magic_generator.hpp">
      <Filter>Header Files\movegen\magics</Filter>
    </ClInclude>
    <ClInclude Include="util\rng.hpp">
      <Filter>Header Files\util</Filter>
    </ClInclude>
    <ClInclude Include="movegen\magics\sliding_generator.hpp">
      <Filter>Header Files\movegen\magics</Filter>
    </ClInclude>
    <ClInclude Include="movegen\magics\magic.hpp">
      <Filter>Header Files\movegen\magics</Filter>
    </ClInclude>
    <ClInclude Include="movegen\magics\rook_generator.hpp">
      <Filter>Header Files\movegen\magics</Filter>
    </ClInclude>
    <ClInclude Include="position\bitboard.hpp">
      <Filter>Header Files\position</Filter>
    </ClInclude>
    <ClInclude Include="movegen\magics\bishop_generator.hpp">
      <Filter>Header Files\movegen\magics</Filter>
    </ClInclude>
  </ItemGroup>
</Project>