<?xml version="1.0" encoding="utf-8"?>
<Project ToolsVersion="4.0" xmlns="http://schemas.microsoft.com/developer/msbuild/2003">
  <ItemGroup>
    <ClInclude Include="pch.hpp" />
    <ClInclude Include="mocks\context_mock.hpp">
      <Filter>mocks</Filter>
    </ClInclude>
    <ClInclude Include="mocks\game_state_builder_mock.hpp">
      <Filter>mocks</Filter>
    </ClInclude>
    <ClInclude Include="position\io\fen_reader.hpp">
      <Filter>position\io</Filter>
    </ClInclude>
  </ItemGroup>
  <ItemGroup>
    <ClCompile Include="position\castle_rights_test.cpp">
      <Filter>position</Filter>
    </ClCompile>
    <ClCompile Include="position\game_state_test.cpp">
      <Filter>position</Filter>
    </ClCompile>
    <ClCompile Include="uci\loki_context_test.cpp">
      <Filter>uci</Filter>
    </ClCompile>
    <ClCompile Include="uci\uci_parser_test.cpp">
      <Filter>uci</Filter>
    </ClCompile>
    <ClCompile Include="util\stringops_test.cpp">
      <Filter>util</Filter>
    </ClCompile>
    <ClCompile Include="pch.cpp" />
    <ClCompile Include="$(MSBuildThisFileDirectory)src\gtest\gtest-all.cc" />
    <ClCompile Include="$(MSBuildThisFileDirectory)src\gmock\gmock-all.cc" />
    <ClCompile Include="position\bitboard_test.cpp">
      <Filter>position</Filter>
    </ClCompile>
    <ClCompile Include="position\square_test.cpp">
      <Filter>position</Filter>
    </ClCompile>
    <ClCompile Include="position\io\game_state_builder_test.cpp">
      <Filter>position\io</Filter>
    </ClCompile>
    <ClCompile Include="movegen\move_test.cpp">
      <Filter>movegen</Filter>
    </ClCompile>
    <ClCompile Include="movegen\move_list_test.cpp">
      <Filter>movegen</Filter>
    </ClCompile>
    <ClCompile Include="util\rng_test.cpp">
      <Filter>util</Filter>
    </ClCompile>
    <ClCompile Include="movegen\magics\generation\bishop_generator_test.cpp">
      <Filter>movegen\magics\generation</Filter>
    </ClCompile>
    <ClCompile Include="movegen\magics\generation\magic_generator_test.cpp">
      <Filter>movegen\magics\generation</Filter>
    </ClCompile>
    <ClCompile Include="movegen\magics\generation\rook_generator_test.cpp">
      <Filter>movegen\magics\generation</Filter>
    </ClCompile>
    <ClCompile Include="movegen\magics\generation\sliding_generator_test.cpp">
      <Filter>movegen\magics\generation</Filter>
    </ClCompile>
    <ClCompile Include="movegen\magics\magic_index_test.cpp">
      <Filter>movegen\magics</Filter>
    </ClCompile>
  </ItemGroup>
  <ItemGroup>
    <None Include="packages.config" />
  </ItemGroup>
  <ItemGroup>
    <Filter Include="mocks">
      <UniqueIdentifier>{844f9302-4ecb-4a9e-a5da-73bc1c737b0c}</UniqueIdentifier>
    </Filter>
    <Filter Include="position">
      <UniqueIdentifier>{d39f7cbb-059c-4acb-81ce-9aab0628b8cf}</UniqueIdentifier>
    </Filter>
    <Filter Include="uci">
      <UniqueIdentifier>{8451d069-b8e7-4010-9c4c-6f7efb4fef03}</UniqueIdentifier>
    </Filter>
    <Filter Include="util">
      <UniqueIdentifier>{a40b6cb2-d0ac-4c0a-af01-cba60abe16b1}</UniqueIdentifier>
    </Filter>
    <Filter Include="position\io">
      <UniqueIdentifier>{2372d5cd-f79a-4bcb-b713-6989ca350985}</UniqueIdentifier>
    </Filter>
    <Filter Include="movegen">
      <UniqueIdentifier>{c4cc904e-2d63-4d4f-b675-e28f268c05cd}</UniqueIdentifier>
    </Filter>
    <Filter Include="movegen\magics">
      <UniqueIdentifier>{c9700ae2-c37f-4bd2-9e79-01572b4d4779}</UniqueIdentifier>
    </Filter>
    <Filter Include="movegen\magics\generation">
      <UniqueIdentifier>{e5fd46ad-821c-4b21-a9a5-37d61ad73f07}</UniqueIdentifier>
    </Filter>
  </ItemGroup>
</Project>