<?xml version="1.0" encoding="utf-8"?>
<Project ToolsVersion="4.0" xmlns="http://schemas.microsoft.com/developer/msbuild/2003">
  <ItemGroup>
    <ClCompile Include="pch.cpp" />
    <ClCompile Include="position\castle_rights_test.cpp">
      <Filter>position</Filter>
    </ClCompile>
    <ClCompile Include="position\game_state_test.cpp">
      <Filter>position</Filter>
    </ClCompile>
    <ClCompile Include="uci\loki_context_test.cpp">
      <Filter>uci</Filter>
    </ClCompile>
  </ItemGroup>
  <ItemGroup>
    <ClInclude Include="pch.h" />
  </ItemGroup>
  <ItemGroup>
    <Filter Include="position">
      <UniqueIdentifier>{2b64ef1d-57de-4278-a4c9-928c8d500fca}</UniqueIdentifier>
    </Filter>
    <Filter Include="uci">
      <UniqueIdentifier>{fcfa53ba-557c-49d3-9217-b90977ca8b33}</UniqueIdentifier>
    </Filter>
  </ItemGroup>
</Project>